{
  "lockfile_version": "1",
  "packages": {
    "awscli2@latest": {
      "last_modified": "2025-12-16T16:49:59Z",
      "resolved": "github:NixOS/nixpkgs/e8d16d2186d6ed9f047eb30948e97e7e01886d10#awscli2",
      "source": "devbox-search",
      "version": "2.32.15",
      "systems": {
        "aarch64-darwin": {
          "outputs": [
            {
              "name": "out",
              "path": "/nix/store/6f7p1z11mkpyr14w0sqa4pp0abzsxf1i-awscli2-2.32.15",
              "default": true
            },
            {
              "name": "dist",
              "path": "/nix/store/pghfh6i3j1a51qklqbx2vv4hsh1k4nix-awscli2-2.32.15-dist"
            }
          ],
          "store_path": "/nix/store/6f7p1z11mkpyr14w0sqa4pp0abzsxf1i-awscli2-2.32.15"
        },
        "aarch64-linux": {
          "outputs": [
            {
              "name": "out",
              "path": "/nix/store/3yb7mw8ky7iqvwl9j7qj1y571vx6nj4w-awscli2-2.32.15",
              "default": true
            },
            {
              "name": "dist",
              "path": "/nix/store/216lkwwawal144x1mlkawxsgr92hz02g-awscli2-2.32.15-dist"
            }
          ],
          "store_path": "/nix/store/3yb7mw8ky7iqvwl9j7qj1y571vx6nj4w-awscli2-2.32.15"
        },
        "x86_64-darwin": {
          "outputs": [
            {
              "name": "out",
              "path": "/nix/store/di1h7fnh74hyg8ym3z6xjff4rgr4rmxa-awscli2-2.32.15",
              "default": true
            },
            {
              "name": "dist",
              "path": "/nix/store/ynjbq246aza1qvlrdi637s4ylqdrypxl-awscli2-2.32.15-dist"
            }
          ],
          "store_path": "/nix/store/di1h7fnh74hyg8ym3z6xjff4rgr4rmxa-awscli2-2.32.15"
        },
        "x86_64-linux": {
          "outputs": [
            {
              "name": "out",
              "path": "/nix/store/7kasqynx7rv1imipzwm29k67rfjg0y88-awscli2-2.32.15",
              "default": true
            },
            {
              "name": "dist",
              "path": "/nix/store/54zpz7s35bgh5pz8f05ml5w74fizqdv7-awscli2-2.32.15-dist"
            }
          ],
          "store_path": "/nix/store/7kasqynx7rv1imipzwm29k67rfjg0y88-awscli2-2.32.15"
        }
      }
    }
  }
}
